
Microsoft Visual Studio Solution File, Format Version 12.00
# Visual Studio Version 17
VisualStudioVersion = 17.13.35931.197 d17.13
MinimumVisualStudioVersion = 10.0.40219.1
Project("{FAE04EC0-301F-11D3-BF4B-00C04F79EFBC}") = "StudentManager", "StudentManager\StudentManager.csproj", "{E572593C-4FD1-4F11-8105-FCCF487E7E34}"
EndProject
Global
	GlobalSection(SolutionConfigurationPlatforms) = preSolution
		Debug|Any CPU = Debug|Any CPU
		Release|Any CPU = Release|Any CPU
	EndGlobalSection
	GlobalSection(ProjectConfigurationPlatforms) = postSolution
		{E572593C-4FD1-4F11-8105-FCCF487E7E34}.Debug|Any CPU.ActiveCfg = Debug|Any CPU
		{E572593C-4FD1-4F11-8105-FCCF487E7E34}.Debug|Any CPU.Build.0 = Debug|Any CPU
		{E572593C-4FD1-4F11-8105-FCCF487E7E34}.Release|Any CPU.ActiveCfg = Release|Any CPU
		{E572593C-4FD1-4F11-8105-FCCF487E7E34}.Release|Any CPU.Build.0 = Release|Any CPU
	EndGlobalSection
	GlobalSection(SolutionProperties) = preSolution
		HideSolutionNode = FALSE
	EndGlobalSection
	GlobalSection(ExtensibilityGlobals) = postSolution
		SolutionGuid = {A08FE470-B219-44F2-AFBB-B879138E23C6}
	EndGlobalSection
EndGlobal
